
Microsoft Visual Studio Solution File, Format Version 12.00
# Visual Studio 15
VisualStudioVersion = 15.0.33026.149
MinimumVisualStudioVersion = 10.0.40219.1
Project("{FAE04EC0-301F-11D3-BF4B-00C04F79EFBC}") = "WindowsFormsApp255", "WindowsFormsApp255\WindowsFormsApp255.csproj", "{385F78B3-16EB-4F0B-AA46-B9D1A2DADC15}"
EndProject
Global
	GlobalSection(SolutionConfigurationPlatforms) = preSolution
		Debug|Any CPU = Debug|Any CPU
		Release|Any CPU = Release|Any CPU
	EndGlobalSection
	GlobalSection(ProjectConfigurationPlatforms) = postSolution
		{385F78B3-16EB-4F0B-AA46-B9D1A2DADC15}.Debug|Any CPU.ActiveCfg = Debug|Any CPU
		{385F78B3-16EB-4F0B-AA46-B9D1A2DADC15}.Debug|Any CPU.Build.0 = Debug|Any CPU
		{385F78B3-16EB-4F0B-AA46-B9D1A2DADC15}.Release|Any CPU.ActiveCfg = Release|Any CPU
		{385F78B3-16EB-4F0B-AA46-B9D1A2DADC15}.Release|Any CPU.Build.0 = Release|Any CPU
	EndGlobalSection
	GlobalSection(SolutionProperties) = preSolution
		HideSolutionNode = FALSE
	EndGlobalSection
	GlobalSection(ExtensibilityGlobals) = postSolution
		SolutionGuid = {F80429E3-15AE-4A91-A9D4-E7BC50C02112}
	EndGlobalSection
EndGlobal
